<?xml version="1.0" encoding="utf-8"?>
<Project ToolsVersion="4.0" xmlns="http://schemas.microsoft.com/developer/msbuild/2003">
  <ItemGroup>
    <Filter Include="ソース ファイル">
      <UniqueIdentifier>{4FC737F1-C7A5-4376-A066-2A32D752A2FF}</UniqueIdentifier>
      <Extensions>cpp;c;cc;cxx;c++;cppm;ixx;def;odl;idl;hpj;bat;asm;asmx</Extensions>
    </Filter>
    <Filter Include="ヘッダー ファイル">
      <UniqueIdentifier>{93995380-89BD-4b04-88EB-625FBE52EBFB}</UniqueIdentifier>
      <Extensions>h;hh;hpp;hxx;h++;hm;inl;inc;ipp;xsd</Extensions>
    </Filter>
    <Filter Include="リソース ファイル">
      <UniqueIdentifier>{67DA6AB6-F800-4c08-8B7A-83BB121AAD01}</UniqueIdentifier>
      <Extensions>rc;ico;cur;bmp;dlg;rc2;rct;bin;rgs;gif;jpg;jpeg;jpe;resx;tiff;tif;png;wav;mfcribbon-ms</Extensions>
    </Filter>
  </ItemGroup>
  <ItemGroup>
    <ClInclude Include="include\common\thread\coroutine.h">
      <Filter>ヘッダー ファイル</Filter>
    </ClInclude>
    <ClInclude Include="include\common\thread\Mutex.h">
      <Filter>ヘッダー ファイル</Filter>
    </ClInclude>
    <ClInclude Include="include\common\thread\spinlock.h">
      <Filter>ヘッダー ファイル</Filter>
    </ClInclude>
    <ClInclude Include="include\common\thread\thread.h">
      <Filter>ヘッダー ファイル</Filter>
    </ClInclude>
    <ClInclude Include="include\common\Alloc.h">
      <Filter>ヘッダー ファイル</Filter>
    </ClInclude>
    <ClInclude Include="include\common\Container.h">
      <Filter>ヘッダー ファイル</Filter>
    </ClInclude>
    <ClInclude Include="include\common\FileSystem.h">
      <Filter>ヘッダー ファイル</Filter>
    </ClInclude>
    <ClInclude Include="include\common\HashString.h">
      <Filter>ヘッダー ファイル</Filter>
    </ClInclude>
    <ClInclude Include="include\common\JobSystem.h">
      <Filter>ヘッダー ファイル</Filter>
    </ClInclude>
    <ClInclude Include="include\common\String.h">
      <Filter>ヘッダー ファイル</Filter>
    </ClInclude>
    <ClInclude Include="include\common\Timer.h">
      <Filter>ヘッダー ファイル</Filter>
    </ClInclude>
    <ClInclude Include="include\common\traits.h">
      <Filter>ヘッダー ファイル</Filter>
    </ClInclude>
    <ClInclude Include="include\common\type.h">
      <Filter>ヘッダー ファイル</Filter>
    </ClInclude>
    <ClInclude Include="include\common\UniqueID.h">
      <Filter>ヘッダー ファイル</Filter>
    </ClInclude>
    <ClInclude Include="include\common\Variant.h">
      <Filter>ヘッダー ファイル</Filter>
    </ClInclude>
    <ClInclude Include="include\common\Window.h">
      <Filter>ヘッダー ファイル</Filter>
    </ClInclude>
    <ClInclude Include="include\DirectX\Graphics.h">
      <Filter>ヘッダー ファイル</Filter>
    </ClInclude>
    <ClInclude Include="include\DirectX\Input.h">
      <Filter>ヘッダー ファイル</Filter>
    </ClInclude>
    <ClInclude Include="include\DirectX\Jpeg.h">
      <Filter>ヘッダー ファイル</Filter>
    </ClInclude>
    <ClInclude Include="include\DirectX\Resource.h">
      <Filter>ヘッダー ファイル</Filter>
    </ClInclude>
    <ClInclude Include="include\imgui\imgui_include.h">
      <Filter>ヘッダー ファイル</Filter>
    </ClInclude>
    <ClInclude Include="include\imgui\ImGuiWrapper.h">
      <Filter>ヘッダー ファイル</Filter>
    </ClInclude>
    <ClInclude Include="include\imgui\jp_font.h">
      <Filter>ヘッダー ファイル</Filter>
    </ClInclude>
    <ClInclude Include="include\DxLibDebug.h">
      <Filter>ヘッダー ファイル</Filter>
    </ClInclude>
    <ClInclude Include="include\DxLibDebugSlave.h">
      <Filter>ヘッダー ファイル</Filter>
    </ClInclude>
    <ClInclude Include="include\Imgui_Database.h">
      <Filter>ヘッダー ファイル</Filter>
    </ClInclude>
    <ClInclude Include="include\MugenScriptDatabase.h">
      <Filter>ヘッダー ファイル</Filter>
    </ClInclude>
    <ClInclude Include="include\MugenScriptResources.h">
      <Filter>ヘッダー ファイル</Filter>
    </ClInclude>
    <ClInclude Include="include\Mugenshuen.h">
      <Filter>ヘッダー ファイル</Filter>
    </ClInclude>
    <ClInclude Include="include\ResDx.h">
      <Filter>ヘッダー ファイル</Filter>
    </ClInclude>
    <ClInclude Include="include\ResDxInclude.h">
      <Filter>ヘッダー ファイル</Filter>
    </ClInclude>
  </ItemGroup>
  <ItemGroup>
    <ClCompile Include="src\common\thread\Mutex.cpp">
      <Filter>ソース ファイル</Filter>
    </ClCompile>
    <ClCompile Include="src\common\thread\spinlock.cpp">
      <Filter>ソース ファイル</Filter>
    </ClCompile>
    <ClCompile Include="src\common\thread\thread.cpp">
      <Filter>ソース ファイル</Filter>
    </ClCompile>
    <ClCompile Include="src\common\Alloc.cpp">
      <Filter>ソース ファイル</Filter>
    </ClCompile>
    <ClCompile Include="src\common\FileSystem.cpp">
      <Filter>ソース ファイル</Filter>
    </ClCompile>
    <ClCompile Include="src\common\HashString.cpp">
      <Filter>ソース ファイル</Filter>
    </ClCompile>
    <ClCompile Include="src\common\JobSystem.cpp">
      <Filter>ソース ファイル</Filter>
    </ClCompile>
    <ClCompile Include="src\common\String.cpp">
      <Filter>ソース ファイル</Filter>
    </ClCompile>
    <ClCompile Include="src\common\Timer.cpp">
      <Filter>ソース ファイル</Filter>
    </ClCompile>
    <ClCompile Include="src\common\UniqueID.cpp">
      <Filter>ソース ファイル</Filter>
    </ClCompile>
    <ClCompile Include="src\common\Window.cpp">
      <Filter>ソース ファイル</Filter>
    </ClCompile>
    <ClCompile Include="src\DirectX\Graphics.cpp">
      <Filter>ソース ファイル</Filter>
    </ClCompile>
    <ClCompile Include="src\DirectX\Input.cpp">
      <Filter>ソース ファイル</Filter>
    </ClCompile>
    <ClCompile Include="src\DirectX\Jpeg.cpp">
      <Filter>ソース ファイル</Filter>
    </ClCompile>
    <ClCompile Include="src\DirectX\Resource.cpp">
      <Filter>ソース ファイル</Filter>
    </ClCompile>
    <ClCompile Include="src\imgui\ImGuiWrapper.cpp">
      <Filter>ソース ファイル</Filter>
    </ClCompile>
    <ClCompile Include="src\DxLibDebug.cpp">
      <Filter>ソース ファイル</Filter>
    </ClCompile>
    <ClCompile Include="src\DxLibDebugSlave.cpp">
      <Filter>ソース ファイル</Filter>
    </ClCompile>
    <ClCompile Include="src\Imgui_Database.cpp">
      <Filter>ソース ファイル</Filter>
    </ClCompile>
    <ClCompile Include="src\MugenScriptDatabase.cpp">
      <Filter>ソース ファイル</Filter>
    </ClCompile>
    <ClCompile Include="src\MugenScriptResources.cpp">
      <Filter>ソース ファイル</Filter>
    </ClCompile>
    <ClCompile Include="src\ResDx.cpp">
      <Filter>ソース ファイル</Filter>
    </ClCompile>
    <ClCompile Include="src\Resource.cpp">
      <Filter>ソース ファイル</Filter>
    </ClCompile>
    <ClCompile Include="src\main.cpp">
      <Filter>ソース ファイル</Filter>
    </ClCompile>
  </ItemGroup>
</Project>